
Microsoft Visual Studio Solution File, Format Version 10.00
# Visual Studio 2008
Project("{FAE04EC0-301F-11D3-BF4B-00C04F79EFBC}") = "CronPluginService.Framework", "CronPluginService.Framework\CronPluginService.Framework.csproj", "{4B017000-E71F-4547-B612-9927328E0894}"
EndProject
Project("{FAE04EC0-301F-11D3-BF4B-00C04F79EFBC}") = "CronPluginService", "CronPluginService\CronPluginService.csproj", "{5180B69F-FDA3-470B-BEFA-3CE5FFF2FF10}"
EndProject
Project("{54435603-DBB4-11D2-8724-00A0C9A8B90C}") = "CronPluginServiceSetup", "CronPluginServiceSetup\CronPluginServiceSetup.vdproj", "{59EA460B-6952-453B-92A0-92DB45A815B6}"
EndProject
Project("{FAE04EC0-301F-11D3-BF4B-00C04F79EFBC}") = "ProtectAppConfig", "..\ProtectAppConfig\ProtectAppConfig\ProtectAppConfig.csproj", "{A93935AF-DF3A-47BF-B494-44B3E5EFB51E}"
EndProject
Global
	GlobalSection(SolutionConfigurationPlatforms) = preSolution
		Debug|Any CPU = Debug|Any CPU
		Release|Any CPU = Release|Any CPU
	EndGlobalSection
	GlobalSection(ProjectConfigurationPlatforms) = postSolution
		{4B017000-E71F-4547-B612-9927328E0894}.Debug|Any CPU.ActiveCfg = Debug|Any CPU
		{4B017000-E71F-4547-B612-9927328E0894}.Debug|Any CPU.Build.0 = Debug|Any CPU
		{4B017000-E71F-4547-B612-9927328E0894}.Release|Any CPU.ActiveCfg = Release|Any CPU
		{4B017000-E71F-4547-B612-9927328E0894}.Release|Any CPU.Build.0 = Release|Any CPU
		{5180B69F-FDA3-470B-BEFA-3CE5FFF2FF10}.Debug|Any CPU.ActiveCfg = Debug|Any CPU
		{5180B69F-FDA3-470B-BEFA-3CE5FFF2FF10}.Debug|Any CPU.Build.0 = Debug|Any CPU
		{5180B69F-FDA3-470B-BEFA-3CE5FFF2FF10}.Release|Any CPU.ActiveCfg = Release|Any CPU
		{5180B69F-FDA3-470B-BEFA-3CE5FFF2FF10}.Release|Any CPU.Build.0 = Release|Any CPU
		{59EA460B-6952-453B-92A0-92DB45A815B6}.Debug|Any CPU.ActiveCfg = Debug
		{59EA460B-6952-453B-92A0-92DB45A815B6}.Debug|Any CPU.Build.0 = Debug
		{59EA460B-6952-453B-92A0-92DB45A815B6}.Release|Any CPU.ActiveCfg = Release
		{59EA460B-6952-453B-92A0-92DB45A815B6}.Release|Any CPU.Build.0 = Release
		{A93935AF-DF3A-47BF-B494-44B3E5EFB51E}.Debug|Any CPU.ActiveCfg = Debug|Any CPU
		{A93935AF-DF3A-47BF-B494-44B3E5EFB51E}.Debug|Any CPU.Build.0 = Debug|Any CPU
		{A93935AF-DF3A-47BF-B494-44B3E5EFB51E}.Release|Any CPU.ActiveCfg = Release|Any CPU
		{A93935AF-DF3A-47BF-B494-44B3E5EFB51E}.Release|Any CPU.Build.0 = Release|Any CPU
	EndGlobalSection
	GlobalSection(SolutionProperties) = preSolution
		HideSolutionNode = FALSE
	EndGlobalSection
EndGlobal
